# THIS IS AN AUTOGENERATED FILE. DO NOT EDIT THIS FILE DIRECTLY.
# yarn lockfile v1


bootstrap@4.1.3:
  version "4.1.3"
  resolved "https://registry.yarnpkg.com/bootstrap/-/bootstrap-4.1.3.tgz#0eb371af2c8448e8c210411d0cb824a6409a12be"

slick-carousel@^1.8.1:
  version "1.8.1"
  resolved "https://registry.yarnpkg.com/slick-carousel/-/slick-carousel-1.8.1.tgz#a4bfb29014887bb66ce528b90bd0cda262cc8f8d"
